
Microsoft Visual Studio Solution File, Format Version 12.00
# Visual Studio Version 17
VisualStudioVersion = 17.4.33205.214
MinimumVisualStudioVersion = 10.0.40219.1
Project("{FAE04EC0-301F-11D3-BF4B-00C04F79EFBC}") = "WebAssembly", "WebAssembly\WebAssembly.csproj", "{A9E3320D-9687-4AED-A54D-C227B9462AB7}"
EndProject
Project("{FAE04EC0-301F-11D3-BF4B-00C04F79EFBC}") = "WebAssembly.Entidades", "WebAssembly.Entidades\WebAssembly.Entidades.csproj", "{953FFFBF-F091-4028-B934-30723058FB65}"
EndProject
Project("{FAE04EC0-301F-11D3-BF4B-00C04F79EFBC}") = "WebAssembly.Repositorio", "WebAssembly.Repositorio\WebAssembly.Repositorio.csproj", "{3D03E817-ABD8-49BC-AC23-308B3FD1C1B3}"
EndProject
Project("{FAE04EC0-301F-11D3-BF4B-00C04F79EFBC}") = "WebAssembly.Datos", "WebAssembly.Datos\WebAssembly.Datos.csproj", "{53B8F920-5B5C-4E22-8498-38E7922B6D30}"
EndProject
Project("{FAE04EC0-301F-11D3-BF4B-00C04F79EFBC}") = "WebAssembly.Herramientas", "WebAssembly.Herramientas\WebAssembly.Herramientas.csproj", "{63072A21-ECBD-4AE7-BCC7-AB1936F943E3}"
EndProject
Global
	GlobalSection(SolutionConfigurationPlatforms) = preSolution
		Debug|Any CPU = Debug|Any CPU
		Release|Any CPU = Release|Any CPU
	EndGlobalSection
	GlobalSection(ProjectConfigurationPlatforms) = postSolution
		{A9E3320D-9687-4AED-A54D-C227B9462AB7}.Debug|Any CPU.ActiveCfg = Debug|Any CPU
		{A9E3320D-9687-4AED-A54D-C227B9462AB7}.Debug|Any CPU.Build.0 = Debug|Any CPU
		{A9E3320D-9687-4AED-A54D-C227B9462AB7}.Release|Any CPU.ActiveCfg = Release|Any CPU
		{A9E3320D-9687-4AED-A54D-C227B9462AB7}.Release|Any CPU.Build.0 = Release|Any CPU
		{953FFFBF-F091-4028-B934-30723058FB65}.Debug|Any CPU.ActiveCfg = Debug|Any CPU
		{953FFFBF-F091-4028-B934-30723058FB65}.Debug|Any CPU.Build.0 = Debug|Any CPU
		{953FFFBF-F091-4028-B934-30723058FB65}.Release|Any CPU.ActiveCfg = Release|Any CPU
		{953FFFBF-F091-4028-B934-30723058FB65}.Release|Any CPU.Build.0 = Release|Any CPU
		{3D03E817-ABD8-49BC-AC23-308B3FD1C1B3}.Debug|Any CPU.ActiveCfg = Debug|Any CPU
		{3D03E817-ABD8-49BC-AC23-308B3FD1C1B3}.Debug|Any CPU.Build.0 = Debug|Any CPU
		{3D03E817-ABD8-49BC-AC23-308B3FD1C1B3}.Release|Any CPU.ActiveCfg = Release|Any CPU
		{3D03E817-ABD8-49BC-AC23-308B3FD1C1B3}.Release|Any CPU.Build.0 = Release|Any CPU
		{53B8F920-5B5C-4E22-8498-38E7922B6D30}.Debug|Any CPU.ActiveCfg = Debug|Any CPU
		{53B8F920-5B5C-4E22-8498-38E7922B6D30}.Debug|Any CPU.Build.0 = Debug|Any CPU
		{53B8F920-5B5C-4E22-8498-38E7922B6D30}.Release|Any CPU.ActiveCfg = Release|Any CPU
		{53B8F920-5B5C-4E22-8498-38E7922B6D30}.Release|Any CPU.Build.0 = Release|Any CPU
		{63072A21-ECBD-4AE7-BCC7-AB1936F943E3}.Debug|Any CPU.ActiveCfg = Debug|Any CPU
		{63072A21-ECBD-4AE7-BCC7-AB1936F943E3}.Debug|Any CPU.Build.0 = Debug|Any CPU
		{63072A21-ECBD-4AE7-BCC7-AB1936F943E3}.Release|Any CPU.ActiveCfg = Release|Any CPU
		{63072A21-ECBD-4AE7-BCC7-AB1936F943E3}.Release|Any CPU.Build.0 = Release|Any CPU
	EndGlobalSection
	GlobalSection(SolutionProperties) = preSolution
		HideSolutionNode = FALSE
	EndGlobalSection
	GlobalSection(ExtensibilityGlobals) = postSolution
		SolutionGuid = {BA21F5F8-F7A6-4641-825B-4ED5F55F1685}
	EndGlobalSection
EndGlobal
